// !$*UTF8*$!
{
	archiveVersion = 1;
	classes = {
	};
	objectVersion = 46;
	objects = {

/* Begin PBXBuildFile section */
		8116F5EA1D34650D003E4FC2 /* data.json in Resources */ = {isa = PBXBuildFile; fileRef = 8116F5E91D34650D003E4FC2 /* data.json */; };
		8116F5F01D3465A9003E4FC2 /* JSONHelper.swift in Sources */ = {isa = PBXBuildFile; fileRef = 8116F5EF1D3465A9003E4FC2 /* JSONHelper.swift */; };
		8130DBA91D340B7300B56260 /* AppDelegate.swift in Sources */ = {isa = PBXBuildFile; fileRef = 8130DBA81D340B7300B56260 /* AppDelegate.swift */; };
		8130DBB01D340B7300B56260 /* Main.storyboard in Resources */ = {isa = PBXBuildFile; fileRef = 8130DBAE1D340B7300B56260 /* Main.storyboard */; };
		8130DBB21D340B7300B56260 /* Assets.xcassets in Resources */ = {isa = PBXBuildFile; fileRef = 8130DBB11D340B7300B56260 /* Assets.xcassets */; };
		8130DBB51D340B7300B56260 /* LaunchScreen.storyboard in Resources */ = {isa = PBXBuildFile; fileRef = 8130DBB31D340B7300B56260 /* LaunchScreen.storyboard */; };
		81C7F7A21D35E99A00973B2B /* MenuItemViewController.swift in Sources */ = {isa = PBXBuildFile; fileRef = 81C7F7A11D35E99A00973B2B /* MenuItemViewController.swift */; };
		81C7F7A41D35F58200973B2B /* MenuTableViewCell.swift in Sources */ = {isa = PBXBuildFile; fileRef = 81C7F7A31D35F58200973B2B /* MenuTableViewCell.swift */; };
		81C7F7A61D35F78800973B2B /* MenuTableViewController.swift in Sources */ = {isa = PBXBuildFile; fileRef = 81C7F7A51D35F78800973B2B /* MenuTableViewController.swift */; };
		81C7F7AA1D35F7BE00973B2B /* RestaurantCollectionViewCell.swift in Sources */ = {isa = PBXBuildFile; fileRef = 81C7F7A91D35F7BE00973B2B /* RestaurantCollectionViewCell.swift */; };
		81D2A07C1D3D420A00B7441C /* SettingsTableViewController.swift in Sources */ = {isa = PBXBuildFile; fileRef = 81D2A07B1D3D420A00B7441C /* SettingsTableViewController.swift */; };
		81D2A07E1D3D49CD00B7441C /* SettingTableViewCell.swift in Sources */ = {isa = PBXBuildFile; fileRef = 81D2A07D1D3D49CD00B7441C /* SettingTableViewCell.swift */; };
		81D97DD21D49800E003908DC /* RestaurantCollectionViewController.swift in Sources */ = {isa = PBXBuildFile; fileRef = 81D97DD11D49800E003908DC /* RestaurantCollectionViewController.swift */; };
		C3FA6D09454FFFBECD27B243 /* Pods_Menu_Checker.framework in Frameworks */ = {isa = PBXBuildFile; fileRef = B6C89936FDB83108164ACE4B /* Pods_Menu_Checker.framework */; };
/* End PBXBuildFile section */

/* Begin PBXFileReference section */
		38FF0254FA3C9CCEDD69CFB2 /* Pods-Menu Checker.debug.xcconfig */ = {isa = PBXFileReference; includeInIndex = 1; lastKnownFileType = text.xcconfig; name = "Pods-Menu Checker.debug.xcconfig"; path = "Pods/Target Support Files/Pods-Menu Checker/Pods-Menu Checker.debug.xcconfig"; sourceTree = "<group>"; };
		5582611488B19295C0CA678D /* Pods-Menu Checker.release.xcconfig */ = {isa = PBXFileReference; includeInIndex = 1; lastKnownFileType = text.xcconfig; name = "Pods-Menu Checker.release.xcconfig"; path = "Pods/Target Support Files/Pods-Menu Checker/Pods-Menu Checker.release.xcconfig"; sourceTree = "<group>"; };
		8116F5E91D34650D003E4FC2 /* data.json */ = {isa = PBXFileReference; fileEncoding = 4; lastKnownFileType = text.json; path = data.json; sourceTree = "<group>"; };
		8116F5EF1D3465A9003E4FC2 /* JSONHelper.swift */ = {isa = PBXFileReference; fileEncoding = 4; lastKnownFileType = sourcecode.swift; path = JSONHelper.swift; sourceTree = "<group>"; };
		8130DBA51D340B7300B56260 /* Menu Checker.app */ = {isa = PBXFileReference; explicitFileType = wrapper.application; includeInIndex = 0; path = "Menu Checker.app"; sourceTree = BUILT_PRODUCTS_DIR; };
		8130DBA81D340B7300B56260 /* AppDelegate.swift */ = {isa = PBXFileReference; lastKnownFileType = sourcecode.swift; name = AppDelegate.swift; path = ../AppDelegate.swift; sourceTree = "<group>"; };
		8130DBAF1D340B7300B56260 /* Base */ = {isa = PBXFileReference; lastKnownFileType = file.storyboard; name = Base; path = Base.lproj/Main.storyboard; sourceTree = "<group>"; };
		8130DBB11D340B7300B56260 /* Assets.xcassets */ = {isa = PBXFileReference; lastKnownFileType = folder.assetcatalog; path = Assets.xcassets; sourceTree = "<group>"; };
		8130DBB41D340B7300B56260 /* Base */ = {isa = PBXFileReference; lastKnownFileType = file.storyboard; name = Base; path = Base.lproj/LaunchScreen.storyboard; sourceTree = "<group>"; };
		8130DBB61D340B7300B56260 /* Info.plist */ = {isa = PBXFileReference; lastKnownFileType = text.plist.xml; name = Info.plist; path = ../Info.plist; sourceTree = "<group>"; };
		81C7F7A11D35E99A00973B2B /* MenuItemViewController.swift */ = {isa = PBXFileReference; fileEncoding = 4; lastKnownFileType = sourcecode.swift; path = MenuItemViewController.swift; sourceTree = "<group>"; };
		81C7F7A31D35F58200973B2B /* MenuTableViewCell.swift */ = {isa = PBXFileReference; fileEncoding = 4; lastKnownFileType = sourcecode.swift; path = MenuTableViewCell.swift; sourceTree = "<group>"; };
		81C7F7A51D35F78800973B2B /* MenuTableViewController.swift */ = {isa = PBXFileReference; fileEncoding = 4; lastKnownFileType = sourcecode.swift; path = MenuTableViewController.swift; sourceTree = "<group>"; };
		81C7F7A91D35F7BE00973B2B /* RestaurantCollectionViewCell.swift */ = {isa = PBXFileReference; fileEncoding = 4; lastKnownFileType = sourcecode.swift; path = RestaurantCollectionViewCell.swift; sourceTree = "<group>"; };
		81D2A07B1D3D420A00B7441C /* SettingsTableViewController.swift */ = {isa = PBXFileReference; fileEncoding = 4; lastKnownFileType = sourcecode.swift; path = SettingsTableViewController.swift; sourceTree = "<group>"; };
		81D2A07D1D3D49CD00B7441C /* SettingTableViewCell.swift */ = {isa = PBXFileReference; fileEncoding = 4; lastKnownFileType = sourcecode.swift; path = SettingTableViewCell.swift; sourceTree = "<group>"; };
		81D97DD11D49800E003908DC /* RestaurantCollectionViewController.swift */ = {isa = PBXFileReference; fileEncoding = 4; lastKnownFileType = sourcecode.swift; path = RestaurantCollectionViewController.swift; sourceTree = "<group>"; };
		B6C89936FDB83108164ACE4B /* Pods_Menu_Checker.framework */ = {isa = PBXFileReference; explicitFileType = wrapper.framework; includeInIndex = 0; path = Pods_Menu_Checker.framework; sourceTree = BUILT_PRODUCTS_DIR; };
/* End PBXFileReference section */

/* Begin PBXFrameworksBuildPhase section */
		8130DBA21D340B7300B56260 /* Frameworks */ = {
			isa = PBXFrameworksBuildPhase;
			buildActionMask = 2147483647;
			files = (
				C3FA6D09454FFFBECD27B243 /* Pods_Menu_Checker.framework in Frameworks */,
			);
			runOnlyForDeploymentPostprocessing = 0;
		};
/* End PBXFrameworksBuildPhase section */

/* Begin PBXGroup section */
		49D3302114D1235BFEC07BEA /* Frameworks */ = {
			isa = PBXGroup;
			children = (
				B6C89936FDB83108164ACE4B /* Pods_Menu_Checker.framework */,
			);
			name = Frameworks;
			sourceTree = "<group>";
		};
		8116F5E61D34620F003E4FC2 /* Data */ = {
			isa = PBXGroup;
			children = (
				8116F5E91D34650D003E4FC2 /* data.json */,
			);
			path = Data;
			sourceTree = "<group>";
		};
		8116F5EB1D346582003E4FC2 /* ViewController */ = {
			isa = PBXGroup;
			children = (
				81C7F7A11D35E99A00973B2B /* MenuItemViewController.swift */,
				81C7F7A51D35F78800973B2B /* MenuTableViewController.swift */,
				81D2A07B1D3D420A00B7441C /* SettingsTableViewController.swift */,
				81D97DD11D49800E003908DC /* RestaurantCollectionViewController.swift */,
			);
			path = ViewController;
			sourceTree = "<group>";
		};
		8116F5EC1D346582003E4FC2 /* View */ = {
			isa = PBXGroup;
			children = (
				81C7F7A31D35F58200973B2B /* MenuTableViewCell.swift */,
				81C7F7A91D35F7BE00973B2B /* RestaurantCollectionViewCell.swift */,
				81D2A07D1D3D49CD00B7441C /* SettingTableViewCell.swift */,
			);
			path = View;
			sourceTree = "<group>";
		};
		8116F5ED1D346582003E4FC2 /* SupportFiles */ = {
			isa = PBXGroup;
			children = (
				8130DBB61D340B7300B56260 /* Info.plist */,
				8130DBA81D340B7300B56260 /* AppDelegate.swift */,
			);
			path = SupportFiles;
			sourceTree = "<group>";
		};
		8116F5EE1D346582003E4FC2 /* Helper */ = {
			isa = PBXGroup;
			children = (
				8116F5EF1D3465A9003E4FC2 /* JSONHelper.swift */,
			);
			path = Helper;
			sourceTree = "<group>";
		};
		8130DB9C1D340B7300B56260 = {
			isa = PBXGroup;
			children = (
				8130DBA71D340B7300B56260 /* Menu Checker */,
				8130DBA61D340B7300B56260 /* Products */,
				D9F36F2C541ADDEAC3E9BAB3 /* Pods */,
				49D3302114D1235BFEC07BEA /* Frameworks */,
			);
			sourceTree = "<group>";
		};
		8130DBA61D340B7300B56260 /* Products */ = {
			isa = PBXGroup;
			children = (
				8130DBA51D340B7300B56260 /* Menu Checker.app */,
			);
			name = Products;
			sourceTree = "<group>";
		};
		8130DBA71D340B7300B56260 /* Menu Checker */ = {
			isa = PBXGroup;
			children = (
				8116F5EB1D346582003E4FC2 /* ViewController */,
				8116F5EC1D346582003E4FC2 /* View */,
				8116F5ED1D346582003E4FC2 /* SupportFiles */,
				8116F5EE1D346582003E4FC2 /* Helper */,
				8116F5E61D34620F003E4FC2 /* Data */,
				8130DBAE1D340B7300B56260 /* Main.storyboard */,
				8130DBB11D340B7300B56260 /* Assets.xcassets */,
				8130DBB31D340B7300B56260 /* LaunchScreen.storyboard */,
			);
			path = "Menu Checker";
			sourceTree = "<group>";
		};
		D9F36F2C541ADDEAC3E9BAB3 /* Pods */ = {
			isa = PBXGroup;
			children = (
				38FF0254FA3C9CCEDD69CFB2 /* Pods-Menu Checker.debug.xcconfig */,
				5582611488B19295C0CA678D /* Pods-Menu Checker.release.xcconfig */,
			);
			name = Pods;
			sourceTree = "<group>";
		};
/* End PBXGroup section */

/* Begin PBXNativeTarget section */
		8130DBA41D340B7300B56260 /* Menu Checker */ = {
			isa = PBXNativeTarget;
			buildConfigurationList = 8130DBB91D340B7300B56260 /* Build configuration list for PBXNativeTarget "Menu Checker" */;
			buildPhases = (
				47D9F9962E5C7392F0DBBB64 /* [CP] Check Pods Manifest.lock */,
				8130DBA11D340B7300B56260 /* Sources */,
				8130DBA21D340B7300B56260 /* Frameworks */,
				8130DBA31D340B7300B56260 /* Resources */,
				A79DD45248CD34A2D62A70B8 /* [CP] Embed Pods Frameworks */,
				D9C239FBA3D376BA6ADE0048 /* [CP] Copy Pods Resources */,
				8182321B1D380A04002AFD44 /* ShellScript */,
			);
			buildRules = (
			);
			dependencies = (
			);
			name = "Menu Checker";
			productName = "Menu Checker";
			productReference = 8130DBA51D340B7300B56260 /* Menu Checker.app */;
			productType = "com.apple.product-type.application";
		};
/* End PBXNativeTarget section */

/* Begin PBXProject section */
		8130DB9D1D340B7300B56260 /* Project object */ = {
			isa = PBXProject;
			attributes = {
				LastSwiftUpdateCheck = 0730;
				LastUpgradeCheck = 0730;
				ORGANIZATIONNAME = "Luca Hagel";
				TargetAttributes = {
					8130DBA41D340B7300B56260 = {
						CreatedOnToolsVersion = 7.3.1;
					};
				};
			};
			buildConfigurationList = 8130DBA01D340B7300B56260 /* Build configuration list for PBXProject "Menu Checker" */;
			compatibilityVersion = "Xcode 3.2";
			developmentRegion = English;
			hasScannedForEncodings = 0;
			knownRegions = (
				en,
				Base,
			);
			mainGroup = 8130DB9C1D340B7300B56260;
			productRefGroup = 8130DBA61D340B7300B56260 /* Products */;
			projectDirPath = "";
			projectRoot = "";
			targets = (
				8130DBA41D340B7300B56260 /* Menu Checker */,
			);
		};
/* End PBXProject section */

/* Begin PBXResourcesBuildPhase section */
		8130DBA31D340B7300B56260 /* Resources */ = {
			isa = PBXResourcesBuildPhase;
			buildActionMask = 2147483647;
			files = (
				8130DBB51D340B7300B56260 /* LaunchScreen.storyboard in Resources */,
				8130DBB21D340B7300B56260 /* Assets.xcassets in Resources */,
				8130DBB01D340B7300B56260 /* Main.storyboard in Resources */,
				8116F5EA1D34650D003E4FC2 /* data.json in Resources */,
			);
			runOnlyForDeploymentPostprocessing = 0;
		};
/* End PBXResourcesBuildPhase section */

/* Begin PBXShellScriptBuildPhase section */
		47D9F9962E5C7392F0DBBB64 /* [CP] Check Pods Manifest.lock */ = {
			isa = PBXShellScriptBuildPhase;
			buildActionMask = 2147483647;
			files = (
			);
			inputPaths = (
			);
			name = "[CP] Check Pods Manifest.lock";
			outputPaths = (
			);
			runOnlyForDeploymentPostprocessing = 0;
			shellPath = /bin/sh;
			shellScript = "diff \"${PODS_ROOT}/../Podfile.lock\" \"${PODS_ROOT}/Manifest.lock\" > /dev/null\nif [[ $? != 0 ]] ; then\n    cat << EOM\nerror: The sandbox is not in sync with the Podfile.lock. Run 'pod install' or update your CocoaPods installation.\nEOM\n    exit 1\nfi\n";
			showEnvVarsInLog = 0;
		};
		8182321B1D380A04002AFD44 /* ShellScript */ = {
			isa = PBXShellScriptBuildPhase;
			buildActionMask = 2147483647;
			files = (
			);
			inputPaths = (
			);
			outputPaths = (
			);
			runOnlyForDeploymentPostprocessing = 0;
			shellPath = /bin/sh;
			shellScript = "\"${PODS_ROOT}/Fabric/run\" 8f84cc959354076247722417970dcbaa4954031d ceadd416dbe1ead553489cf3e2809c24373ea4a170d04f0ef6f51276fc36a07e";
		};
		A79DD45248CD34A2D62A70B8 /* [CP] Embed Pods Frameworks */ = {
			isa = PBXShellScriptBuildPhase;
			buildActionMask = 2147483647;
			files = (
			);
			inputPaths = (
			);
			name = "[CP] Embed Pods Frameworks";
			outputPaths = (
			);
			runOnlyForDeploymentPostprocessing = 0;
			shellPath = /bin/sh;
			shellScript = "\"${SRCROOT}/Pods/Target Support Files/Pods-Menu Checker/Pods-Menu Checker-frameworks.sh\"\n";
			showEnvVarsInLog = 0;
		};
		D9C239FBA3D376BA6ADE0048 /* [CP] Copy Pods Resources */ = {
			isa = PBXShellScriptBuildPhase;
			buildActionMask = 2147483647;
			files = (
			);
			inputPaths = (
			);
			name = "[CP] Copy Pods Resources";
			outputPaths = (
			);
			runOnlyForDeploymentPostprocessing = 0;
			shellPath = /bin/sh;
			shellScript = "\"${SRCROOT}/Pods/Target Support Files/Pods-Menu Checker/Pods-Menu Checker-resources.sh\"\n";
			showEnvVarsInLog = 0;
		};
/* End PBXShellScriptBuildPhase section */

/* Begin PBXSourcesBuildPhase section */
		8130DBA11D340B7300B56260 /* Sources */ = {
			isa = PBXSourcesBuildPhase;
			buildActionMask = 2147483647;
			files = (
				81C7F7A41D35F58200973B2B /* MenuTableViewCell.swift in Sources */,
				81C7F7A61D35F78800973B2B /* MenuTableViewController.swift in Sources */,
				8116F5F01D3465A9003E4FC2 /* JSONHelper.swift in Sources */,
				81D2A07E1D3D49CD00B7441C /* SettingTableViewCell.swift in Sources */,
				81C7F7A21D35E99A00973B2B /* MenuItemViewController.swift in Sources */,
				81D97DD21D49800E003908DC /* RestaurantCollectionViewController.swift in Sources */,
				81D2A07C1D3D420A00B7441C /* SettingsTableViewController.swift in Sources */,
				81C7F7AA1D35F7BE00973B2B /* RestaurantCollectionViewCell.swift in Sources */,
				8130DBA91D340B7300B56260 /* AppDelegate.swift in Sources */,
			);
			runOnlyForDeploymentPostprocessing = 0;
		};
/* End PBXSourcesBuildPhase section */

/* Begin PBXVariantGroup section */
		8130DBAE1D340B7300B56260 /* Main.storyboard */ = {
			isa = PBXVariantGroup;
			children = (
				8130DBAF1D340B7300B56260 /* Base */,
			);
			name = Main.storyboard;
			sourceTree = "<group>";
		};
		8130DBB31D340B7300B56260 /* LaunchScreen.storyboard */ = {
			isa = PBXVariantGroup;
			children = (
				8130DBB41D340B7300B56260 /* Base */,
			);
			name = LaunchScreen.storyboard;
			sourceTree = "<group>";
		};
/* End PBXVariantGroup section */

/* Begin XCBuildConfiguration section */
		8130DBB71D340B7300B56260 /* Debug */ = {
			isa = XCBuildConfiguration;
			buildSettings = {
				ALWAYS_SEARCH_USER_PATHS = NO;
				CLANG_ANALYZER_NONNULL = YES;
				CLANG_CXX_LANGUAGE_STANDARD = "gnu++0x";
				CLANG_CXX_LIBRARY = "libc++";
				CLANG_ENABLE_MODULES = YES;
				CLANG_ENABLE_OBJC_ARC = YES;
				CLANG_WARN_BOOL_CONVERSION = YES;
				CLANG_WARN_CONSTANT_CONVERSION = YES;
				CLANG_WARN_DIRECT_OBJC_ISA_USAGE = YES_ERROR;
				CLANG_WARN_EMPTY_BODY = YES;
				CLANG_WARN_ENUM_CONVERSION = YES;
				CLANG_WARN_INT_CONVERSION = YES;
				CLANG_WARN_OBJC_ROOT_CLASS = YES_ERROR;
				CLANG_WARN_UNREACHABLE_CODE = YES;
				CLANG_WARN__DUPLICATE_METHOD_MATCH = YES;
				"CODE_SIGN_IDENTITY[sdk=iphoneos*]" = "iPhone Developer";
				COPY_PHASE_STRIP = NO;
				DEBUG_INFORMATION_FORMAT = dwarf;
				ENABLE_STRICT_OBJC_MSGSEND = YES;
				ENABLE_TESTABILITY = YES;
				GCC_C_LANGUAGE_STANDARD = gnu99;
				GCC_DYNAMIC_NO_PIC = NO;
				GCC_NO_COMMON_BLOCKS = YES;
				GCC_OPTIMIZATION_LEVEL = 0;
				GCC_PREPROCESSOR_DEFINITIONS = (
					"DEBUG=1",
					"$(inherited)",
				);
				GCC_WARN_64_TO_32_BIT_CONVERSION = YES;
				GCC_WARN_ABOUT_RETURN_TYPE = YES_ERROR;
				GCC_WARN_UNDECLARED_SELECTOR = YES;
				GCC_WARN_UNINITIALIZED_AUTOS = YES_AGGRESSIVE;
				GCC_WARN_UNUSED_FUNCTION = YES;
				GCC_WARN_UNUSED_VARIABLE = YES;
				IPHONEOS_DEPLOYMENT_TARGET = 9.3;
				MTL_ENABLE_DEBUG_INFO = YES;
				ONLY_ACTIVE_ARCH = YES;
				SDKROOT = iphoneos;
				SWIFT_OPTIMIZATION_LEVEL = "-Onone";
			};
			name = Debug;
		};
		8130DBB81D340B7300B56260 /* Release */ = {
			isa = XCBuildConfiguration;
			buildSettings = {
				ALWAYS_SEARCH_USER_PATHS = NO;
				CLANG_ANALYZER_NONNULL = YES;
				CLANG_CXX_LANGUAGE_STANDARD = "gnu++0x";
				CLANG_CXX_LIBRARY = "libc++";
				CLANG_ENABLE_MODULES = YES;
				CLANG_ENABLE_OBJC_ARC = YES;
				CLANG_WARN_BOOL_CONVERSION = YES;
				CLANG_WARN_CONSTANT_CONVERSION = YES;
				CLANG_WARN_DIRECT_OBJC_ISA_USAGE = YES_ERROR;
				CLANG_WARN_EMPTY_BODY = YES;
				CLANG_WARN_ENUM_CONVERSION = YES;
				CLANG_WARN_INT_CONVERSION = YES;
				CLANG_WARN_OBJC_ROOT_CLASS = YES_ERROR;
				CLANG_WARN_UNREACHABLE_CODE = YES;
				CLANG_WARN__DUPLICATE_METHOD_MATCH = YES;
				"CODE_SIGN_IDENTITY[sdk=iphoneos*]" = "iPhone Developer";
				COPY_PHASE_STRIP = NO;
				DEBUG_INFORMATION_FORMAT = "dwarf-with-dsym";
				ENABLE_NS_ASSERTIONS = NO;
				ENABLE_STRICT_OBJC_MSGSEND = YES;
				GCC_C_LANGUAGE_STANDARD = gnu99;
				GCC_NO_COMMON_BLOCKS = YES;
				GCC_WARN_64_TO_32_BIT_CONVERSION = YES;
				GCC_WARN_ABOUT_RETURN_TYPE = YES_ERROR;
				GCC_WARN_UNDECLARED_SELECTOR = YES;
				GCC_WARN_UNINITIALIZED_AUTOS = YES_AGGRESSIVE;
				GCC_WARN_UNUSED_FUNCTION = YES;
				GCC_WARN_UNUSED_VARIABLE = YES;
				IPHONEOS_DEPLOYMENT_TARGET = 9.3;
				MTL_ENABLE_DEBUG_INFO = NO;
				SDKROOT = iphoneos;
				VALIDATE_PRODUCT = YES;
			};
			name = Release;
		};
		8130DBBA1D340B7300B56260 /* Debug */ = {
			isa = XCBuildConfiguration;
			baseConfigurationReference = 38FF0254FA3C9CCEDD69CFB2 /* Pods-Menu Checker.debug.xcconfig */;
			buildSettings = {
				ASSETCATALOG_COMPILER_APPICON_NAME = AppIcon;
				INFOPLIST_FILE = "Menu Checker/Info.plist";
				LD_RUNPATH_SEARCH_PATHS = "$(inherited) @executable_path/Frameworks";
				PRODUCT_BUNDLE_IDENTIFIER = "com.luhagel.Menu-Checker";
				PRODUCT_NAME = "$(TARGET_NAME)";
			};
			name = Debug;
		};
		8130DBBB1D340B7300B56260 /* Release */ = {
			isa = XCBuildConfiguration;
			baseConfigurationReference = 5582611488B19295C0CA678D /* Pods-Menu Checker.release.xcconfig */;
			buildSettings = {
				ASSETCATALOG_COMPILER_APPICON_NAME = AppIcon;
				INFOPLIST_FILE = "Menu Checker/Info.plist";
				LD_RUNPATH_SEARCH_PATHS = "$(inherited) @executable_path/Frameworks";
				PRODUCT_BUNDLE_IDENTIFIER = "com.luhagel.Menu-Checker";
				PRODUCT_NAME = "$(TARGET_NAME)";
			};
			name = Release;
		};
/* End XCBuildConfiguration section */

/* Begin XCConfigurationList section */
		8130DBA01D340B7300B56260 /* Build configuration list for PBXProject "Menu Checker" */ = {
			isa = XCConfigurationList;
			buildConfigurations = (
				8130DBB71D340B7300B56260 /* Debug */,
				8130DBB81D340B7300B56260 /* Release */,
			);
			defaultConfigurationIsVisible = 0;
			defaultConfigurationName = Release;
		};
		8130DBB91D340B7300B56260 /* Build configuration list for PBXNativeTarget "Menu Checker" */ = {
			isa = XCConfigurationList;
			buildConfigurations = (
				8130DBBA1D340B7300B56260 /* Debug */,
				8130DBBB1D340B7300B56260 /* Release */,
			);
			defaultConfigurationIsVisible = 0;
			defaultConfigurationName = Release;
		};
/* End XCConfigurationList section */
	};
	rootObject = 8130DB9D1D340B7300B56260 /* Project object */;
}
